<?xml version="1.0" encoding="utf-8"?>
<Project ToolsVersion="4.0" xmlns="http://schemas.microsoft.com/developer/msbuild/2003">
  <ItemGroup>
    <Filter Include="Source Files">
      <UniqueIdentifier>{4FC737F1-C7A5-4376-A066-2A32D752A2FF}</UniqueIdentifier>
      <Extensions>cpp;c;cc;cxx;c++;cppm;ixx;def;odl;idl;hpj;bat;asm;asmx</Extensions>
    </Filter>
    <Filter Include="Header Files">
      <UniqueIdentifier>{93995380-89BD-4b04-88EB-625FBE52EBFB}</UniqueIdentifier>
      <Extensions>h;hh;hpp;hxx;h++;hm;inl;inc;ipp;xsd</Extensions>
    </Filter>
    <Filter Include="Resource Files">
      <UniqueIdentifier>{67DA6AB6-F800-4c08-8B7A-83BB121AAD01}</UniqueIdentifier>
      <Extensions>rc;ico;cur;bmp;dlg;rc2;rct;bin;rgs;gif;jpg;jpeg;jpe;resx;tiff;tif;png;wav;mfcribbon-ms</Extensions>
    </Filter>
    <Filter Include="Source Files\tests">
      <UniqueIdentifier>{4d937ae3-df71-4401-9056-c2f191d22aad}</UniqueIdentifier>
    </Filter>
    <Filter Include="Source Files\tests\3d">
      <UniqueIdentifier>{7d88a2c0-bcf6-4761-8075-efe07dad8005}</UniqueIdentifier>
    </Filter>
    <Filter Include="Source Files\stb">
      <UniqueIdentifier>{6a02a9eb-d329-4e1c-b12e-88b6494a345b}</UniqueIdentifier>
    </Filter>
    <Filter Include="Source Files\tests\debug">
      <UniqueIdentifier>{5b97d46a-1cce-4d99-8a8b-f8a9115c39b0}</UniqueIdentifier>
    </Filter>
  </ItemGroup>
  <ItemGroup>
    <ClCompile Include="test.cc">
      <Filter>Source Files</Filter>
    </ClCompile>
  </ItemGroup>
  <ItemGroup>
    <ClInclude Include="buffer.h">
      <Filter>Source Files</Filter>
    </ClInclude>
    <ClInclude Include="context.h">
      <Filter>Source Files</Filter>
    </ClInclude>
    <ClInclude Include="debug.h">
      <Filter>Source Files</Filter>
    </ClInclude>
    <ClInclude Include="frame_metrics.h">
      <Filter>Source Files</Filter>
    </ClInclude>
    <ClInclude Include="image.h">
      <Filter>Source Files</Filter>
    </ClInclude>
    <ClInclude Include="mesh.h">
      <Filter>Source Files</Filter>
    </ClInclude>
    <ClInclude Include="pipeline.h">
      <Filter>Source Files</Filter>
    </ClInclude>
    <ClInclude Include="pipeline_defaults.h">
      <Filter>Source Files</Filter>
    </ClInclude>
    <ClInclude Include="render_target.h">
      <Filter>Source Files</Filter>
    </ClInclude>
    <ClInclude Include="rendering.h">
      <Filter>Source Files</Filter>
    </ClInclude>
    <ClInclude Include="rtk.h">
      <Filter>Source Files</Filter>
    </ClInclude>
    <ClInclude Include="shader.h">
      <Filter>Source Files</Filter>
    </ClInclude>
    <ClInclude Include="shader_data.h">
      <Filter>Source Files</Filter>
    </ClInclude>
    <ClInclude Include="vk_array.h">
      <Filter>Source Files</Filter>
    </ClInclude>
    <ClInclude Include="tests\shared.h">
      <Filter>Source Files\tests</Filter>
    </ClInclude>
    <ClInclude Include="tests\3d\defs.h">
      <Filter>Source Files\tests\3d</Filter>
    </ClInclude>
    <ClInclude Include="tests\3d\game_state.h">
      <Filter>Source Files\tests\3d</Filter>
    </ClInclude>
    <ClInclude Include="tests\3d\main.h">
      <Filter>Source Files\tests\3d</Filter>
    </ClInclude>
    <ClInclude Include="tests\3d\render_state.h">
      <Filter>Source Files\tests\3d</Filter>
    </ClInclude>
    <ClInclude Include="stb\stb_image.h">
      <Filter>Source Files\stb</Filter>
    </ClInclude>
    <ClInclude Include="tests\debug\main.h">
      <Filter>Source Files\tests\debug</Filter>
    </ClInclude>
    <ClInclude Include="tests\debug\defs.h">
      <Filter>Source Files\tests\debug</Filter>
    </ClInclude>
    <ClInclude Include="rendering_2.h">
      <Filter>Source Files</Filter>
    </ClInclude>
    <ClInclude Include="pipeline_2.h">
      <Filter>Source Files</Filter>
    </ClInclude>
    <ClInclude Include="mesh_2.h">
      <Filter>Source Files</Filter>
    </ClInclude>
    <ClInclude Include="device_features.h">
      <Filter>Source Files</Filter>
    </ClInclude>
    <ClInclude Include="descriptor_set.h">
      <Filter>Source Files</Filter>
    </ClInclude>
    <ClInclude Include="buffer_2.h">
      <Filter>Source Files</Filter>
    </ClInclude>
    <ClInclude Include="descriptor_set_2.h">
      <Filter>Source Files</Filter>
    </ClInclude>
    <ClInclude Include="image_2.h">
      <Filter>Source Files</Filter>
    </ClInclude>
    <ClInclude Include="enum_names.h">
      <Filter>Source Files</Filter>
    </ClInclude>
  </ItemGroup>
</Project>